// !$*UTF8*$!
{
	archiveVersion = 1;
	classes = {
	};
	objectVersion = 51;
	objects = {

/* Begin PBXBuildFile section */
		0488FB732562BB4D00E537B2 /* FirebaseHandler.swift in Sources */ = {isa = PBXBuildFile; fileRef = 0488FB722562BB4D00E537B2 /* FirebaseHandler.swift */; };
		08A98BE97C3F63783E897B5B /* Pods_CriatuTests.framework in Frameworks */ = {isa = PBXBuildFile; fileRef = CC2471249044735CF8A7BDAA /* Pods_CriatuTests.framework */; };
		105312D42565613500887B1E /* DiscoverBank.swift in Sources */ = {isa = PBXBuildFile; fileRef = 105312D32565613500887B1E /* DiscoverBank.swift */; };
		105312DA25656C6E00887B1E /* UIEditingExtensions.swift in Sources */ = {isa = PBXBuildFile; fileRef = 105312D925656C6E00887B1E /* UIEditingExtensions.swift */; };
		10BF032C25655DB0008F2BCC /* SearchBarView.swift in Sources */ = {isa = PBXBuildFile; fileRef = 10BF032B25655DB0008F2BCC /* SearchBarView.swift */; };
		2897F9212564FF79001DB5EF /* GoogleService-Info.plist in Resources */ = {isa = PBXBuildFile; fileRef = 2897F9202564FF79001DB5EF /* GoogleService-Info.plist */; };
		35091E0E25669A7500F94A4A /* LazyWaterfallGrid.swift in Sources */ = {isa = PBXBuildFile; fileRef = 35091E0D25669A7500F94A4A /* LazyWaterfallGrid.swift */; };
		356A45AF255D836E00F892A1 /* AppDelegate.swift in Sources */ = {isa = PBXBuildFile; fileRef = 356A45AE255D836E00F892A1 /* AppDelegate.swift */; };
		356A45B1255D836E00F892A1 /* SceneDelegate.swift in Sources */ = {isa = PBXBuildFile; fileRef = 356A45B0255D836E00F892A1 /* SceneDelegate.swift */; };
		356A45B3255D836E00F892A1 /* ViewController.swift in Sources */ = {isa = PBXBuildFile; fileRef = 356A45B2255D836E00F892A1 /* ViewController.swift */; };
		356A45B6255D836E00F892A1 /* Main.storyboard in Resources */ = {isa = PBXBuildFile; fileRef = 356A45B4255D836E00F892A1 /* Main.storyboard */; };
		356A45B9255D836E00F892A1 /* Criatu.xcdatamodeld in Sources */ = {isa = PBXBuildFile; fileRef = 356A45B7255D836E00F892A1 /* Criatu.xcdatamodeld */; };
		356A45BB255D837000F892A1 /* Assets.xcassets in Resources */ = {isa = PBXBuildFile; fileRef = 356A45BA255D837000F892A1 /* Assets.xcassets */; };
		356A45BE255D837000F892A1 /* LaunchScreen.storyboard in Resources */ = {isa = PBXBuildFile; fileRef = 356A45BC255D837000F892A1 /* LaunchScreen.storyboard */; };
		356A45C9255D837000F892A1 /* CriatuTests.swift in Sources */ = {isa = PBXBuildFile; fileRef = 356A45C8255D837000F892A1 /* CriatuTests.swift */; };
		356A45D4255D837000F892A1 /* CriatuUITests.swift in Sources */ = {isa = PBXBuildFile; fileRef = 356A45D3255D837000F892A1 /* CriatuUITests.swift */; };
		35FFE2D22563FBE300F3E8F0 /* Interest.swift in Sources */ = {isa = PBXBuildFile; fileRef = 35FFE2D12563FBE300F3E8F0 /* Interest.swift */; };
		35FFE2D72563FC1400F3E8F0 /* Style.swift in Sources */ = {isa = PBXBuildFile; fileRef = 35FFE2D62563FC1400F3E8F0 /* Style.swift */; };
		35FFE2DC2563FC3A00F3E8F0 /* LookItem.swift in Sources */ = {isa = PBXBuildFile; fileRef = 35FFE2DB2563FC3A00F3E8F0 /* LookItem.swift */; };
		35FFE2E12563FC5800F3E8F0 /* InterestItem.swift in Sources */ = {isa = PBXBuildFile; fileRef = 35FFE2E02563FC5800F3E8F0 /* InterestItem.swift */; };
		35FFE310256413CA00F3E8F0 /* Song.swift in Sources */ = {isa = PBXBuildFile; fileRef = 35FFE30F256413CA00F3E8F0 /* Song.swift */; };
		998BA92C616F1A11E9D39B1C /* Pods_Criatu_CriatuUITests.framework in Frameworks */ = {isa = PBXBuildFile; fileRef = 4F431E44D70780784862AA6E /* Pods_Criatu_CriatuUITests.framework */; };
		F3033F59F2E58AB613F1C828 /* Pods_Criatu.framework in Frameworks */ = {isa = PBXBuildFile; fileRef = 56AC4C34B24D913FDC683DF9 /* Pods_Criatu.framework */; };
/* End PBXBuildFile section */

/* Begin PBXContainerItemProxy section */
		356A45C5255D837000F892A1 /* PBXContainerItemProxy */ = {
			isa = PBXContainerItemProxy;
			containerPortal = 356A45A3255D836E00F892A1 /* Project object */;
			proxyType = 1;
			remoteGlobalIDString = 356A45AA255D836E00F892A1;
			remoteInfo = Criatu;
		};
		356A45D0255D837000F892A1 /* PBXContainerItemProxy */ = {
			isa = PBXContainerItemProxy;
			containerPortal = 356A45A3255D836E00F892A1 /* Project object */;
			proxyType = 1;
			remoteGlobalIDString = 356A45AA255D836E00F892A1;
			remoteInfo = Criatu;
		};
/* End PBXContainerItemProxy section */

/* Begin PBXFileReference section */
		0488FB722562BB4D00E537B2 /* FirebaseHandler.swift */ = {isa = PBXFileReference; lastKnownFileType = sourcecode.swift; path = FirebaseHandler.swift; sourceTree = "<group>"; };
		105312D32565613500887B1E /* DiscoverBank.swift */ = {isa = PBXFileReference; lastKnownFileType = sourcecode.swift; path = DiscoverBank.swift; sourceTree = "<group>"; };
		105312D925656C6E00887B1E /* UIEditingExtensions.swift */ = {isa = PBXFileReference; lastKnownFileType = sourcecode.swift; path = UIEditingExtensions.swift; sourceTree = "<group>"; };
		10BF032B25655DB0008F2BCC /* SearchBarView.swift */ = {isa = PBXFileReference; lastKnownFileType = sourcecode.swift; path = SearchBarView.swift; sourceTree = "<group>"; };
		1F59A9FE33A10336EB9C334C /* Pods-Criatu.debug.xcconfig */ = {isa = PBXFileReference; includeInIndex = 1; lastKnownFileType = text.xcconfig; name = "Pods-Criatu.debug.xcconfig"; path = "Target Support Files/Pods-Criatu/Pods-Criatu.debug.xcconfig"; sourceTree = "<group>"; };
		2897F9202564FF79001DB5EF /* GoogleService-Info.plist */ = {isa = PBXFileReference; fileEncoding = 4; lastKnownFileType = text.plist.xml; path = "GoogleService-Info.plist"; sourceTree = "<group>"; };
		30D8DBB213DC6499EB92DA59 /* Pods-CriatuTests.debug.xcconfig */ = {isa = PBXFileReference; includeInIndex = 1; lastKnownFileType = text.xcconfig; name = "Pods-CriatuTests.debug.xcconfig"; path = "Target Support Files/Pods-CriatuTests/Pods-CriatuTests.debug.xcconfig"; sourceTree = "<group>"; };
		35091E0D25669A7500F94A4A /* LazyWaterfallGrid.swift */ = {isa = PBXFileReference; fileEncoding = 4; lastKnownFileType = sourcecode.swift; path = LazyWaterfallGrid.swift; sourceTree = "<group>"; };
		356A45AB255D836E00F892A1 /* Criatu.app */ = {isa = PBXFileReference; explicitFileType = wrapper.application; includeInIndex = 0; path = Criatu.app; sourceTree = BUILT_PRODUCTS_DIR; };
		356A45AE255D836E00F892A1 /* AppDelegate.swift */ = {isa = PBXFileReference; lastKnownFileType = sourcecode.swift; path = AppDelegate.swift; sourceTree = "<group>"; };
		356A45B0255D836E00F892A1 /* SceneDelegate.swift */ = {isa = PBXFileReference; lastKnownFileType = sourcecode.swift; path = SceneDelegate.swift; sourceTree = "<group>"; };
		356A45B2255D836E00F892A1 /* ViewController.swift */ = {isa = PBXFileReference; lastKnownFileType = sourcecode.swift; path = ViewController.swift; sourceTree = "<group>"; };
		356A45B5255D836E00F892A1 /* Base */ = {isa = PBXFileReference; lastKnownFileType = file.storyboard; name = Base; path = Base.lproj/Main.storyboard; sourceTree = "<group>"; };
		356A45B8255D836E00F892A1 /* Criatu.xcdatamodel */ = {isa = PBXFileReference; lastKnownFileType = wrapper.xcdatamodel; path = Criatu.xcdatamodel; sourceTree = "<group>"; };
		356A45BA255D837000F892A1 /* Assets.xcassets */ = {isa = PBXFileReference; lastKnownFileType = folder.assetcatalog; path = Assets.xcassets; sourceTree = "<group>"; };
		356A45BD255D837000F892A1 /* Base */ = {isa = PBXFileReference; lastKnownFileType = file.storyboard; name = Base; path = Base.lproj/LaunchScreen.storyboard; sourceTree = "<group>"; };
		356A45BF255D837000F892A1 /* Info.plist */ = {isa = PBXFileReference; lastKnownFileType = text.plist.xml; path = Info.plist; sourceTree = "<group>"; };
		356A45C4255D837000F892A1 /* CriatuTests.xctest */ = {isa = PBXFileReference; explicitFileType = wrapper.cfbundle; includeInIndex = 0; path = CriatuTests.xctest; sourceTree = BUILT_PRODUCTS_DIR; };
		356A45C8255D837000F892A1 /* CriatuTests.swift */ = {isa = PBXFileReference; lastKnownFileType = sourcecode.swift; path = CriatuTests.swift; sourceTree = "<group>"; };
		356A45CA255D837000F892A1 /* Info.plist */ = {isa = PBXFileReference; lastKnownFileType = text.plist.xml; path = Info.plist; sourceTree = "<group>"; };
		356A45CF255D837000F892A1 /* CriatuUITests.xctest */ = {isa = PBXFileReference; explicitFileType = wrapper.cfbundle; includeInIndex = 0; path = CriatuUITests.xctest; sourceTree = BUILT_PRODUCTS_DIR; };
		356A45D3255D837000F892A1 /* CriatuUITests.swift */ = {isa = PBXFileReference; lastKnownFileType = sourcecode.swift; path = CriatuUITests.swift; sourceTree = "<group>"; };
		356A45D5255D837000F892A1 /* Info.plist */ = {isa = PBXFileReference; lastKnownFileType = text.plist.xml; path = Info.plist; sourceTree = "<group>"; };
		35FFE2D12563FBE300F3E8F0 /* Interest.swift */ = {isa = PBXFileReference; lastKnownFileType = sourcecode.swift; path = Interest.swift; sourceTree = "<group>"; };
		35FFE2D62563FC1400F3E8F0 /* Style.swift */ = {isa = PBXFileReference; lastKnownFileType = sourcecode.swift; path = Style.swift; sourceTree = "<group>"; };
		35FFE2DB2563FC3A00F3E8F0 /* LookItem.swift */ = {isa = PBXFileReference; lastKnownFileType = sourcecode.swift; path = LookItem.swift; sourceTree = "<group>"; };
		35FFE2E02563FC5800F3E8F0 /* InterestItem.swift */ = {isa = PBXFileReference; lastKnownFileType = sourcecode.swift; path = InterestItem.swift; sourceTree = "<group>"; };
		35FFE30F256413CA00F3E8F0 /* Song.swift */ = {isa = PBXFileReference; lastKnownFileType = sourcecode.swift; path = Song.swift; sourceTree = "<group>"; };
		35FFE3262564150800F3E8F0 /* Criatu.entitlements */ = {isa = PBXFileReference; lastKnownFileType = text.plist.entitlements; path = Criatu.entitlements; sourceTree = "<group>"; };
		49859DDB0939B7597659474C /* Pods-CriatuTests.release.xcconfig */ = {isa = PBXFileReference; includeInIndex = 1; lastKnownFileType = text.xcconfig; name = "Pods-CriatuTests.release.xcconfig"; path = "Target Support Files/Pods-CriatuTests/Pods-CriatuTests.release.xcconfig"; sourceTree = "<group>"; };
		4F431E44D70780784862AA6E /* Pods_Criatu_CriatuUITests.framework */ = {isa = PBXFileReference; explicitFileType = wrapper.framework; includeInIndex = 0; path = Pods_Criatu_CriatuUITests.framework; sourceTree = BUILT_PRODUCTS_DIR; };
		56AC4C34B24D913FDC683DF9 /* Pods_Criatu.framework */ = {isa = PBXFileReference; explicitFileType = wrapper.framework; includeInIndex = 0; path = Pods_Criatu.framework; sourceTree = BUILT_PRODUCTS_DIR; };
		705336C5F351501ABA12A137 /* Pods-Criatu-CriatuUITests.release.xcconfig */ = {isa = PBXFileReference; includeInIndex = 1; lastKnownFileType = text.xcconfig; name = "Pods-Criatu-CriatuUITests.release.xcconfig"; path = "Target Support Files/Pods-Criatu-CriatuUITests/Pods-Criatu-CriatuUITests.release.xcconfig"; sourceTree = "<group>"; };
		BA9153802C853D9D50AD1195 /* Pods-Criatu-CriatuUITests.debug.xcconfig */ = {isa = PBXFileReference; includeInIndex = 1; lastKnownFileType = text.xcconfig; name = "Pods-Criatu-CriatuUITests.debug.xcconfig"; path = "Target Support Files/Pods-Criatu-CriatuUITests/Pods-Criatu-CriatuUITests.debug.xcconfig"; sourceTree = "<group>"; };
		CC2471249044735CF8A7BDAA /* Pods_CriatuTests.framework */ = {isa = PBXFileReference; explicitFileType = wrapper.framework; includeInIndex = 0; path = Pods_CriatuTests.framework; sourceTree = BUILT_PRODUCTS_DIR; };
		E3A03B9F0D4C52EFFA950B43 /* Pods-Criatu.release.xcconfig */ = {isa = PBXFileReference; includeInIndex = 1; lastKnownFileType = text.xcconfig; name = "Pods-Criatu.release.xcconfig"; path = "Target Support Files/Pods-Criatu/Pods-Criatu.release.xcconfig"; sourceTree = "<group>"; };
/* End PBXFileReference section */

/* Begin PBXFrameworksBuildPhase section */
		356A45A8255D836E00F892A1 /* Frameworks */ = {
			isa = PBXFrameworksBuildPhase;
			buildActionMask = 2147483647;
			files = (
				F3033F59F2E58AB613F1C828 /* Pods_Criatu.framework in Frameworks */,
			);
			runOnlyForDeploymentPostprocessing = 0;
		};
		356A45C1255D837000F892A1 /* Frameworks */ = {
			isa = PBXFrameworksBuildPhase;
			buildActionMask = 2147483647;
			files = (
				08A98BE97C3F63783E897B5B /* Pods_CriatuTests.framework in Frameworks */,
			);
			runOnlyForDeploymentPostprocessing = 0;
		};
		356A45CC255D837000F892A1 /* Frameworks */ = {
			isa = PBXFrameworksBuildPhase;
			buildActionMask = 2147483647;
			files = (
				998BA92C616F1A11E9D39B1C /* Pods_Criatu_CriatuUITests.framework in Frameworks */,
			);
			runOnlyForDeploymentPostprocessing = 0;
		};
/* End PBXFrameworksBuildPhase section */

/* Begin PBXGroup section */
		105312D825656C5500887B1E /* Extra */ = {
			isa = PBXGroup;
			children = (
				105312D925656C6E00887B1E /* UIEditingExtensions.swift */,
			);
			path = Extra;
			sourceTree = "<group>";
		};
		10BF032A25655D8D008F2BCC /* DiscoverView */ = {
			isa = PBXGroup;
			children = (
				10BF032B25655DB0008F2BCC /* SearchBarView.swift */,
				35091E0D25669A7500F94A4A /* LazyWaterfallGrid.swift */,
			);
			path = DiscoverView;
			sourceTree = "<group>";
		};
		356A45A2255D836E00F892A1 = {
			isa = PBXGroup;
			children = (
				356A45AD255D836E00F892A1 /* Criatu */,
				356A45C7255D837000F892A1 /* CriatuTests */,
				356A45D2255D837000F892A1 /* CriatuUITests */,
				356A45AC255D836E00F892A1 /* Products */,
				80CDC9A5D343203FC2109E08 /* Pods */,
				A3FF226C9167910396FF0AC5 /* Frameworks */,
			);
			sourceTree = "<group>";
		};
		356A45AC255D836E00F892A1 /* Products */ = {
			isa = PBXGroup;
			children = (
				356A45AB255D836E00F892A1 /* Criatu.app */,
				356A45C4255D837000F892A1 /* CriatuTests.xctest */,
				356A45CF255D837000F892A1 /* CriatuUITests.xctest */,
			);
			name = Products;
			sourceTree = "<group>";
		};
		356A45AD255D836E00F892A1 /* Criatu */ = {
			isa = PBXGroup;
			children = (
				35FFE3262564150800F3E8F0 /* Criatu.entitlements */,
				2897F9202564FF79001DB5EF /* GoogleService-Info.plist */,
				356A45AE255D836E00F892A1 /* AppDelegate.swift */,
				356A45B0255D836E00F892A1 /* SceneDelegate.swift */,
				10BF032A25655D8D008F2BCC /* DiscoverView */,
				35FFE2CD2563FBCD00F3E8F0 /* Classes */,
				356A45B2255D836E00F892A1 /* ViewController.swift */,
				105312D825656C5500887B1E /* Extra */,
				356A45B4255D836E00F892A1 /* Main.storyboard */,
				356A45BA255D837000F892A1 /* Assets.xcassets */,
				356A45BC255D837000F892A1 /* LaunchScreen.storyboard */,
				356A45BF255D837000F892A1 /* Info.plist */,
				356A45B7255D836E00F892A1 /* Criatu.xcdatamodeld */,
				0488FB722562BB4D00E537B2 /* FirebaseHandler.swift */,
			);
			path = Criatu;
			sourceTree = "<group>";
		};
		356A45C7255D837000F892A1 /* CriatuTests */ = {
			isa = PBXGroup;
			children = (
				356A45C8255D837000F892A1 /* CriatuTests.swift */,
				356A45CA255D837000F892A1 /* Info.plist */,
			);
			path = CriatuTests;
			sourceTree = "<group>";
		};
		356A45D2255D837000F892A1 /* CriatuUITests */ = {
			isa = PBXGroup;
			children = (
				356A45D3255D837000F892A1 /* CriatuUITests.swift */,
				356A45D5255D837000F892A1 /* Info.plist */,
			);
			path = CriatuUITests;
			sourceTree = "<group>";
		};
		35FFE2CD2563FBCD00F3E8F0 /* Classes */ = {
			isa = PBXGroup;
			children = (
				35FFE2D12563FBE300F3E8F0 /* Interest.swift */,
				35FFE2D62563FC1400F3E8F0 /* Style.swift */,
				35FFE2DB2563FC3A00F3E8F0 /* LookItem.swift */,
				35FFE2E02563FC5800F3E8F0 /* InterestItem.swift */,
				35FFE30F256413CA00F3E8F0 /* Song.swift */,
				105312D32565613500887B1E /* DiscoverBank.swift */,
			);
			path = Classes;
			sourceTree = "<group>";
		};
		80CDC9A5D343203FC2109E08 /* Pods */ = {
			isa = PBXGroup;
			children = (
				1F59A9FE33A10336EB9C334C /* Pods-Criatu.debug.xcconfig */,
				E3A03B9F0D4C52EFFA950B43 /* Pods-Criatu.release.xcconfig */,
				BA9153802C853D9D50AD1195 /* Pods-Criatu-CriatuUITests.debug.xcconfig */,
				705336C5F351501ABA12A137 /* Pods-Criatu-CriatuUITests.release.xcconfig */,
				30D8DBB213DC6499EB92DA59 /* Pods-CriatuTests.debug.xcconfig */,
				49859DDB0939B7597659474C /* Pods-CriatuTests.release.xcconfig */,
			);
			path = Pods;
			sourceTree = "<group>";
		};
		A3FF226C9167910396FF0AC5 /* Frameworks */ = {
			isa = PBXGroup;
			children = (
				56AC4C34B24D913FDC683DF9 /* Pods_Criatu.framework */,
				4F431E44D70780784862AA6E /* Pods_Criatu_CriatuUITests.framework */,
				CC2471249044735CF8A7BDAA /* Pods_CriatuTests.framework */,
			);
			name = Frameworks;
			sourceTree = "<group>";
		};
/* End PBXGroup section */

/* Begin PBXNativeTarget section */
		356A45AA255D836E00F892A1 /* Criatu */ = {
			isa = PBXNativeTarget;
			buildConfigurationList = 356A45D8255D837000F892A1 /* Build configuration list for PBXNativeTarget "Criatu" */;
			buildPhases = (
				F4F8B22F167278D66091B921 /* [CP] Check Pods Manifest.lock */,
				356A45A7255D836E00F892A1 /* Sources */,
				356A45A8255D836E00F892A1 /* Frameworks */,
				356A45A9255D836E00F892A1 /* Resources */,
				6F8DB18F81DDB644F7B444DD /* [CP] Embed Pods Frameworks */,
			);
			buildRules = (
			);
			dependencies = (
			);
			name = Criatu;
			productName = Criatu;
			productReference = 356A45AB255D836E00F892A1 /* Criatu.app */;
			productType = "com.apple.product-type.application";
		};
		356A45C3255D837000F892A1 /* CriatuTests */ = {
			isa = PBXNativeTarget;
			buildConfigurationList = 356A45DB255D837000F892A1 /* Build configuration list for PBXNativeTarget "CriatuTests" */;
			buildPhases = (
				0B4DD64910E8C2A41159BB51 /* [CP] Check Pods Manifest.lock */,
				356A45C0255D837000F892A1 /* Sources */,
				356A45C1255D837000F892A1 /* Frameworks */,
				356A45C2255D837000F892A1 /* Resources */,
			);
			buildRules = (
			);
			dependencies = (
				356A45C6255D837000F892A1 /* PBXTargetDependency */,
			);
			name = CriatuTests;
			productName = CriatuTests;
			productReference = 356A45C4255D837000F892A1 /* CriatuTests.xctest */;
			productType = "com.apple.product-type.bundle.unit-test";
		};
		356A45CE255D837000F892A1 /* CriatuUITests */ = {
			isa = PBXNativeTarget;
			buildConfigurationList = 356A45DE255D837000F892A1 /* Build configuration list for PBXNativeTarget "CriatuUITests" */;
			buildPhases = (
				73EC6E920CAF9EB2B498ADB7 /* [CP] Check Pods Manifest.lock */,
				356A45CB255D837000F892A1 /* Sources */,
				356A45CC255D837000F892A1 /* Frameworks */,
				356A45CD255D837000F892A1 /* Resources */,
				185195563A1659981DCE4EE2 /* [CP] Embed Pods Frameworks */,
			);
			buildRules = (
			);
			dependencies = (
				356A45D1255D837000F892A1 /* PBXTargetDependency */,
			);
			name = CriatuUITests;
			productName = CriatuUITests;
			productReference = 356A45CF255D837000F892A1 /* CriatuUITests.xctest */;
			productType = "com.apple.product-type.bundle.ui-testing";
		};
/* End PBXNativeTarget section */

/* Begin PBXProject section */
		356A45A3255D836E00F892A1 /* Project object */ = {
			isa = PBXProject;
			attributes = {
				LastSwiftUpdateCheck = 1210;
				LastUpgradeCheck = 1210;
				TargetAttributes = {
					356A45AA255D836E00F892A1 = {
						CreatedOnToolsVersion = 12.1;
					};
					356A45C3255D837000F892A1 = {
						CreatedOnToolsVersion = 12.1;
						TestTargetID = 356A45AA255D836E00F892A1;
					};
					356A45CE255D837000F892A1 = {
						CreatedOnToolsVersion = 12.1;
						TestTargetID = 356A45AA255D836E00F892A1;
					};
				};
			};
			buildConfigurationList = 356A45A6255D836E00F892A1 /* Build configuration list for PBXProject "Criatu" */;
			compatibilityVersion = "Xcode 9.3";
			developmentRegion = en;
			hasScannedForEncodings = 0;
			knownRegions = (
				en,
				Base,
			);
			mainGroup = 356A45A2255D836E00F892A1;
			productRefGroup = 356A45AC255D836E00F892A1 /* Products */;
			projectDirPath = "";
			projectRoot = "";
			targets = (
				356A45AA255D836E00F892A1 /* Criatu */,
				356A45C3255D837000F892A1 /* CriatuTests */,
				356A45CE255D837000F892A1 /* CriatuUITests */,
			);
		};
/* End PBXProject section */

/* Begin PBXResourcesBuildPhase section */
		356A45A9255D836E00F892A1 /* Resources */ = {
			isa = PBXResourcesBuildPhase;
			buildActionMask = 2147483647;
			files = (
				356A45BE255D837000F892A1 /* LaunchScreen.storyboard in Resources */,
				2897F9212564FF79001DB5EF /* GoogleService-Info.plist in Resources */,
				356A45BB255D837000F892A1 /* Assets.xcassets in Resources */,
				356A45B6255D836E00F892A1 /* Main.storyboard in Resources */,
			);
			runOnlyForDeploymentPostprocessing = 0;
		};
		356A45C2255D837000F892A1 /* Resources */ = {
			isa = PBXResourcesBuildPhase;
			buildActionMask = 2147483647;
			files = (
			);
			runOnlyForDeploymentPostprocessing = 0;
		};
		356A45CD255D837000F892A1 /* Resources */ = {
			isa = PBXResourcesBuildPhase;
			buildActionMask = 2147483647;
			files = (
			);
			runOnlyForDeploymentPostprocessing = 0;
		};
/* End PBXResourcesBuildPhase section */

/* Begin PBXShellScriptBuildPhase section */
		0B4DD64910E8C2A41159BB51 /* [CP] Check Pods Manifest.lock */ = {
			isa = PBXShellScriptBuildPhase;
			buildActionMask = 2147483647;
			files = (
			);
			inputFileListPaths = (
			);
			inputPaths = (
				"${PODS_PODFILE_DIR_PATH}/Podfile.lock",
				"${PODS_ROOT}/Manifest.lock",
			);
			name = "[CP] Check Pods Manifest.lock";
			outputFileListPaths = (
			);
			outputPaths = (
				"$(DERIVED_FILE_DIR)/Pods-CriatuTests-checkManifestLockResult.txt",
			);
			runOnlyForDeploymentPostprocessing = 0;
			shellPath = /bin/sh;
			shellScript = "diff \"${PODS_PODFILE_DIR_PATH}/Podfile.lock\" \"${PODS_ROOT}/Manifest.lock\" > /dev/null\nif [ $? != 0 ] ; then\n    # print error to STDERR\n    echo \"error: The sandbox is not in sync with the Podfile.lock. Run 'pod install' or update your CocoaPods installation.\" >&2\n    exit 1\nfi\n# This output is used by Xcode 'outputs' to avoid re-running this script phase.\necho \"SUCCESS\" > \"${SCRIPT_OUTPUT_FILE_0}\"\n";
			showEnvVarsInLog = 0;
		};
		185195563A1659981DCE4EE2 /* [CP] Embed Pods Frameworks */ = {
			isa = PBXShellScriptBuildPhase;
			buildActionMask = 2147483647;
			files = (
			);
			inputFileListPaths = (
				"${PODS_ROOT}/Target Support Files/Pods-Criatu-CriatuUITests/Pods-Criatu-CriatuUITests-frameworks-${CONFIGURATION}-input-files.xcfilelist",
			);
			name = "[CP] Embed Pods Frameworks";
			outputFileListPaths = (
				"${PODS_ROOT}/Target Support Files/Pods-Criatu-CriatuUITests/Pods-Criatu-CriatuUITests-frameworks-${CONFIGURATION}-output-files.xcfilelist",
			);
			runOnlyForDeploymentPostprocessing = 0;
			shellPath = /bin/sh;
			shellScript = "\"${PODS_ROOT}/Target Support Files/Pods-Criatu-CriatuUITests/Pods-Criatu-CriatuUITests-frameworks.sh\"\n";
			showEnvVarsInLog = 0;
		};
		6F8DB18F81DDB644F7B444DD /* [CP] Embed Pods Frameworks */ = {
			isa = PBXShellScriptBuildPhase;
			buildActionMask = 2147483647;
			files = (
			);
			inputFileListPaths = (
				"${PODS_ROOT}/Target Support Files/Pods-Criatu/Pods-Criatu-frameworks-${CONFIGURATION}-input-files.xcfilelist",
			);
			name = "[CP] Embed Pods Frameworks";
			outputFileListPaths = (
				"${PODS_ROOT}/Target Support Files/Pods-Criatu/Pods-Criatu-frameworks-${CONFIGURATION}-output-files.xcfilelist",
			);
			runOnlyForDeploymentPostprocessing = 0;
			shellPath = /bin/sh;
			shellScript = "\"${PODS_ROOT}/Target Support Files/Pods-Criatu/Pods-Criatu-frameworks.sh\"\n";
			showEnvVarsInLog = 0;
		};
		73EC6E920CAF9EB2B498ADB7 /* [CP] Check Pods Manifest.lock */ = {
			isa = PBXShellScriptBuildPhase;
			buildActionMask = 2147483647;
			files = (
			);
			inputFileListPaths = (
			);
			inputPaths = (
				"${PODS_PODFILE_DIR_PATH}/Podfile.lock",
				"${PODS_ROOT}/Manifest.lock",
			);
			name = "[CP] Check Pods Manifest.lock";
			outputFileListPaths = (
			);
			outputPaths = (
				"$(DERIVED_FILE_DIR)/Pods-Criatu-CriatuUITests-checkManifestLockResult.txt",
			);
			runOnlyForDeploymentPostprocessing = 0;
			shellPath = /bin/sh;
			shellScript = "diff \"${PODS_PODFILE_DIR_PATH}/Podfile.lock\" \"${PODS_ROOT}/Manifest.lock\" > /dev/null\nif [ $? != 0 ] ; then\n    # print error to STDERR\n    echo \"error: The sandbox is not in sync with the Podfile.lock. Run 'pod install' or update your CocoaPods installation.\" >&2\n    exit 1\nfi\n# This output is used by Xcode 'outputs' to avoid re-running this script phase.\necho \"SUCCESS\" > \"${SCRIPT_OUTPUT_FILE_0}\"\n";
			showEnvVarsInLog = 0;
		};
		F4F8B22F167278D66091B921 /* [CP] Check Pods Manifest.lock */ = {
			isa = PBXShellScriptBuildPhase;
			buildActionMask = 2147483647;
			files = (
			);
			inputFileListPaths = (
			);
			inputPaths = (
				"${PODS_PODFILE_DIR_PATH}/Podfile.lock",
				"${PODS_ROOT}/Manifest.lock",
			);
			name = "[CP] Check Pods Manifest.lock";
			outputFileListPaths = (
			);
			outputPaths = (
				"$(DERIVED_FILE_DIR)/Pods-Criatu-checkManifestLockResult.txt",
			);
			runOnlyForDeploymentPostprocessing = 0;
			shellPath = /bin/sh;
			shellScript = "diff \"${PODS_PODFILE_DIR_PATH}/Podfile.lock\" \"${PODS_ROOT}/Manifest.lock\" > /dev/null\nif [ $? != 0 ] ; then\n    # print error to STDERR\n    echo \"error: The sandbox is not in sync with the Podfile.lock. Run 'pod install' or update your CocoaPods installation.\" >&2\n    exit 1\nfi\n# This output is used by Xcode 'outputs' to avoid re-running this script phase.\necho \"SUCCESS\" > \"${SCRIPT_OUTPUT_FILE_0}\"\n";
			showEnvVarsInLog = 0;
		};
/* End PBXShellScriptBuildPhase section */

/* Begin PBXSourcesBuildPhase section */
		356A45A7255D836E00F892A1 /* Sources */ = {
			isa = PBXSourcesBuildPhase;
			buildActionMask = 2147483647;
			files = (
				105312D42565613500887B1E /* DiscoverBank.swift in Sources */,
				0488FB732562BB4D00E537B2 /* FirebaseHandler.swift in Sources */,
				35FFE2E12563FC5800F3E8F0 /* InterestItem.swift in Sources */,
				356A45B3255D836E00F892A1 /* ViewController.swift in Sources */,
				35FFE2DC2563FC3A00F3E8F0 /* LookItem.swift in Sources */,
				35FFE310256413CA00F3E8F0 /* Song.swift in Sources */,
				35091E0E25669A7500F94A4A /* LazyWaterfallGrid.swift in Sources */,
				105312DA25656C6E00887B1E /* UIEditingExtensions.swift in Sources */,
				356A45AF255D836E00F892A1 /* AppDelegate.swift in Sources */,
				35FFE2D22563FBE300F3E8F0 /* Interest.swift in Sources */,
				10BF032C25655DB0008F2BCC /* SearchBarView.swift in Sources */,
				356A45B1255D836E00F892A1 /* SceneDelegate.swift in Sources */,
				35FFE2D72563FC1400F3E8F0 /* Style.swift in Sources */,
				356A45B9255D836E00F892A1 /* Criatu.xcdatamodeld in Sources */,
			);
			runOnlyForDeploymentPostprocessing = 0;
		};
		356A45C0255D837000F892A1 /* Sources */ = {
			isa = PBXSourcesBuildPhase;
			buildActionMask = 2147483647;
			files = (
				356A45C9255D837000F892A1 /* CriatuTests.swift in Sources */,
			);
			runOnlyForDeploymentPostprocessing = 0;
		};
		356A45CB255D837000F892A1 /* Sources */ = {
			isa = PBXSourcesBuildPhase;
			buildActionMask = 2147483647;
			files = (
				356A45D4255D837000F892A1 /* CriatuUITests.swift in Sources */,
			);
			runOnlyForDeploymentPostprocessing = 0;
		};
/* End PBXSourcesBuildPhase section */

/* Begin PBXTargetDependency section */
		356A45C6255D837000F892A1 /* PBXTargetDependency */ = {
			isa = PBXTargetDependency;
			target = 356A45AA255D836E00F892A1 /* Criatu */;
			targetProxy = 356A45C5255D837000F892A1 /* PBXContainerItemProxy */;
		};
		356A45D1255D837000F892A1 /* PBXTargetDependency */ = {
			isa = PBXTargetDependency;
			target = 356A45AA255D836E00F892A1 /* Criatu */;
			targetProxy = 356A45D0255D837000F892A1 /* PBXContainerItemProxy */;
		};
/* End PBXTargetDependency section */

/* Begin PBXVariantGroup section */
		356A45B4255D836E00F892A1 /* Main.storyboard */ = {
			isa = PBXVariantGroup;
			children = (
				356A45B5255D836E00F892A1 /* Base */,
			);
			name = Main.storyboard;
			sourceTree = "<group>";
		};
		356A45BC255D837000F892A1 /* LaunchScreen.storyboard */ = {
			isa = PBXVariantGroup;
			children = (
				356A45BD255D837000F892A1 /* Base */,
			);
			name = LaunchScreen.storyboard;
			sourceTree = "<group>";
		};
/* End PBXVariantGroup section */

/* Begin XCBuildConfiguration section */
		356A45D6255D837000F892A1 /* Debug */ = {
			isa = XCBuildConfiguration;
			buildSettings = {
				ALWAYS_SEARCH_USER_PATHS = NO;
				CLANG_ANALYZER_NONNULL = YES;
				CLANG_ANALYZER_NUMBER_OBJECT_CONVERSION = YES_AGGRESSIVE;
				CLANG_CXX_LANGUAGE_STANDARD = "gnu++14";
				CLANG_CXX_LIBRARY = "libc++";
				CLANG_ENABLE_MODULES = YES;
				CLANG_ENABLE_OBJC_ARC = YES;
				CLANG_ENABLE_OBJC_WEAK = YES;
				CLANG_WARN_BLOCK_CAPTURE_AUTORELEASING = YES;
				CLANG_WARN_BOOL_CONVERSION = YES;
				CLANG_WARN_COMMA = YES;
				CLANG_WARN_CONSTANT_CONVERSION = YES;
				CLANG_WARN_DEPRECATED_OBJC_IMPLEMENTATIONS = YES;
				CLANG_WARN_DIRECT_OBJC_ISA_USAGE = YES_ERROR;
				CLANG_WARN_DOCUMENTATION_COMMENTS = YES;
				CLANG_WARN_EMPTY_BODY = YES;
				CLANG_WARN_ENUM_CONVERSION = YES;
				CLANG_WARN_INFINITE_RECURSION = YES;
				CLANG_WARN_INT_CONVERSION = YES;
				CLANG_WARN_NON_LITERAL_NULL_CONVERSION = YES;
				CLANG_WARN_OBJC_IMPLICIT_RETAIN_SELF = YES;
				CLANG_WARN_OBJC_LITERAL_CONVERSION = YES;
				CLANG_WARN_OBJC_ROOT_CLASS = YES_ERROR;
				CLANG_WARN_QUOTED_INCLUDE_IN_FRAMEWORK_HEADER = YES;
				CLANG_WARN_RANGE_LOOP_ANALYSIS = YES;
				CLANG_WARN_STRICT_PROTOTYPES = YES;
				CLANG_WARN_SUSPICIOUS_MOVE = YES;
				CLANG_WARN_UNGUARDED_AVAILABILITY = YES_AGGRESSIVE;
				CLANG_WARN_UNREACHABLE_CODE = YES;
				CLANG_WARN__DUPLICATE_METHOD_MATCH = YES;
				COPY_PHASE_STRIP = NO;
				DEBUG_INFORMATION_FORMAT = dwarf;
				ENABLE_STRICT_OBJC_MSGSEND = YES;
				ENABLE_TESTABILITY = YES;
				GCC_C_LANGUAGE_STANDARD = gnu11;
				GCC_DYNAMIC_NO_PIC = NO;
				GCC_NO_COMMON_BLOCKS = YES;
				GCC_OPTIMIZATION_LEVEL = 0;
				GCC_PREPROCESSOR_DEFINITIONS = (
					"DEBUG=1",
					"$(inherited)",
				);
				GCC_WARN_64_TO_32_BIT_CONVERSION = YES;
				GCC_WARN_ABOUT_RETURN_TYPE = YES_ERROR;
				GCC_WARN_UNDECLARED_SELECTOR = YES;
				GCC_WARN_UNINITIALIZED_AUTOS = YES_AGGRESSIVE;
				GCC_WARN_UNUSED_FUNCTION = YES;
				GCC_WARN_UNUSED_VARIABLE = YES;
				IPHONEOS_DEPLOYMENT_TARGET = 14.1;
				MTL_ENABLE_DEBUG_INFO = INCLUDE_SOURCE;
				MTL_FAST_MATH = YES;
				ONLY_ACTIVE_ARCH = YES;
				SDKROOT = iphoneos;
				SWIFT_ACTIVE_COMPILATION_CONDITIONS = DEBUG;
				SWIFT_OPTIMIZATION_LEVEL = "-Onone";
			};
			name = Debug;
		};
		356A45D7255D837000F892A1 /* Release */ = {
			isa = XCBuildConfiguration;
			buildSettings = {
				ALWAYS_SEARCH_USER_PATHS = NO;
				CLANG_ANALYZER_NONNULL = YES;
				CLANG_ANALYZER_NUMBER_OBJECT_CONVERSION = YES_AGGRESSIVE;
				CLANG_CXX_LANGUAGE_STANDARD = "gnu++14";
				CLANG_CXX_LIBRARY = "libc++";
				CLANG_ENABLE_MODULES = YES;
				CLANG_ENABLE_OBJC_ARC = YES;
				CLANG_ENABLE_OBJC_WEAK = YES;
				CLANG_WARN_BLOCK_CAPTURE_AUTORELEASING = YES;
				CLANG_WARN_BOOL_CONVERSION = YES;
				CLANG_WARN_COMMA = YES;
				CLANG_WARN_CONSTANT_CONVERSION = YES;
				CLANG_WARN_DEPRECATED_OBJC_IMPLEMENTATIONS = YES;
				CLANG_WARN_DIRECT_OBJC_ISA_USAGE = YES_ERROR;
				CLANG_WARN_DOCUMENTATION_COMMENTS = YES;
				CLANG_WARN_EMPTY_BODY = YES;
				CLANG_WARN_ENUM_CONVERSION = YES;
				CLANG_WARN_INFINITE_RECURSION = YES;
				CLANG_WARN_INT_CONVERSION = YES;
				CLANG_WARN_NON_LITERAL_NULL_CONVERSION = YES;
				CLANG_WARN_OBJC_IMPLICIT_RETAIN_SELF = YES;
				CLANG_WARN_OBJC_LITERAL_CONVERSION = YES;
				CLANG_WARN_OBJC_ROOT_CLASS = YES_ERROR;
				CLANG_WARN_QUOTED_INCLUDE_IN_FRAMEWORK_HEADER = YES;
				CLANG_WARN_RANGE_LOOP_ANALYSIS = YES;
				CLANG_WARN_STRICT_PROTOTYPES = YES;
				CLANG_WARN_SUSPICIOUS_MOVE = YES;
				CLANG_WARN_UNGUARDED_AVAILABILITY = YES_AGGRESSIVE;
				CLANG_WARN_UNREACHABLE_CODE = YES;
				CLANG_WARN__DUPLICATE_METHOD_MATCH = YES;
				COPY_PHASE_STRIP = NO;
				DEBUG_INFORMATION_FORMAT = "dwarf-with-dsym";
				ENABLE_NS_ASSERTIONS = NO;
				ENABLE_STRICT_OBJC_MSGSEND = YES;
				GCC_C_LANGUAGE_STANDARD = gnu11;
				GCC_NO_COMMON_BLOCKS = YES;
				GCC_WARN_64_TO_32_BIT_CONVERSION = YES;
				GCC_WARN_ABOUT_RETURN_TYPE = YES_ERROR;
				GCC_WARN_UNDECLARED_SELECTOR = YES;
				GCC_WARN_UNINITIALIZED_AUTOS = YES_AGGRESSIVE;
				GCC_WARN_UNUSED_FUNCTION = YES;
				GCC_WARN_UNUSED_VARIABLE = YES;
				IPHONEOS_DEPLOYMENT_TARGET = 14.1;
				MTL_ENABLE_DEBUG_INFO = NO;
				MTL_FAST_MATH = YES;
				SDKROOT = iphoneos;
				SWIFT_COMPILATION_MODE = wholemodule;
				SWIFT_OPTIMIZATION_LEVEL = "-O";
				VALIDATE_PRODUCT = YES;
			};
			name = Release;
		};
		356A45D9255D837000F892A1 /* Debug */ = {
			isa = XCBuildConfiguration;
			baseConfigurationReference = 1F59A9FE33A10336EB9C334C /* Pods-Criatu.debug.xcconfig */;
			buildSettings = {
				ASSETCATALOG_COMPILER_APPICON_NAME = AppIcon;
				ASSETCATALOG_COMPILER_GLOBAL_ACCENT_COLOR_NAME = AccentColor;
				CODE_SIGN_ENTITLEMENTS = Criatu/Criatu.entitlements;
				CODE_SIGN_STYLE = Automatic;
				DEVELOPMENT_TEAM = P63952MS7L;
				INFOPLIST_FILE = Criatu/Info.plist;
				LD_RUNPATH_SEARCH_PATHS = (
					"$(inherited)",
					"@executable_path/Frameworks",
				);
				PRODUCT_BUNDLE_IDENTIFIER = br.ufpe.academy.Criatu;
				PRODUCT_NAME = "$(TARGET_NAME)";
				SWIFT_VERSION = 5.0;
				TARGETED_DEVICE_FAMILY = "1,2";
			};
			name = Debug;
		};
		356A45DA255D837000F892A1 /* Release */ = {
			isa = XCBuildConfiguration;
			baseConfigurationReference = E3A03B9F0D4C52EFFA950B43 /* Pods-Criatu.release.xcconfig */;
			buildSettings = {
				ASSETCATALOG_COMPILER_APPICON_NAME = AppIcon;
				ASSETCATALOG_COMPILER_GLOBAL_ACCENT_COLOR_NAME = AccentColor;
				CODE_SIGN_ENTITLEMENTS = Criatu/Criatu.entitlements;
				CODE_SIGN_STYLE = Automatic;
				DEVELOPMENT_TEAM = P63952MS7L;
				INFOPLIST_FILE = Criatu/Info.plist;
				LD_RUNPATH_SEARCH_PATHS = (
					"$(inherited)",
					"@executable_path/Frameworks",
				);
				PRODUCT_BUNDLE_IDENTIFIER = br.ufpe.academy.Criatu;
				PRODUCT_NAME = "$(TARGET_NAME)";
				SWIFT_VERSION = 5.0;
				TARGETED_DEVICE_FAMILY = "1,2";
			};
			name = Release;
		};
		356A45DC255D837000F892A1 /* Debug */ = {
			isa = XCBuildConfiguration;
			baseConfigurationReference = 30D8DBB213DC6499EB92DA59 /* Pods-CriatuTests.debug.xcconfig */;
			buildSettings = {
				ALWAYS_EMBED_SWIFT_STANDARD_LIBRARIES = YES;
				BUNDLE_LOADER = "$(TEST_HOST)";
				CODE_SIGN_STYLE = Automatic;
				DEVELOPMENT_TEAM = P63952MS7L;
				INFOPLIST_FILE = CriatuTests/Info.plist;
				IPHONEOS_DEPLOYMENT_TARGET = 14.1;
				LD_RUNPATH_SEARCH_PATHS = (
					"$(inherited)",
					"@executable_path/Frameworks",
					"@loader_path/Frameworks",
				);
				PRODUCT_BUNDLE_IDENTIFIER = br.ufpe.academy.CriatuTests;
				PRODUCT_NAME = "$(TARGET_NAME)";
				SWIFT_VERSION = 5.0;
				TARGETED_DEVICE_FAMILY = "1,2";
				TEST_HOST = "$(BUILT_PRODUCTS_DIR)/Criatu.app/Criatu";
			};
			name = Debug;
		};
		356A45DD255D837000F892A1 /* Release */ = {
			isa = XCBuildConfiguration;
			baseConfigurationReference = 49859DDB0939B7597659474C /* Pods-CriatuTests.release.xcconfig */;
			buildSettings = {
				ALWAYS_EMBED_SWIFT_STANDARD_LIBRARIES = YES;
				BUNDLE_LOADER = "$(TEST_HOST)";
				CODE_SIGN_STYLE = Automatic;
				DEVELOPMENT_TEAM = P63952MS7L;
				INFOPLIST_FILE = CriatuTests/Info.plist;
				IPHONEOS_DEPLOYMENT_TARGET = 14.1;
				LD_RUNPATH_SEARCH_PATHS = (
					"$(inherited)",
					"@executable_path/Frameworks",
					"@loader_path/Frameworks",
				);
				PRODUCT_BUNDLE_IDENTIFIER = br.ufpe.academy.CriatuTests;
				PRODUCT_NAME = "$(TARGET_NAME)";
				SWIFT_VERSION = 5.0;
				TARGETED_DEVICE_FAMILY = "1,2";
				TEST_HOST = "$(BUILT_PRODUCTS_DIR)/Criatu.app/Criatu";
			};
			name = Release;
		};
		356A45DF255D837000F892A1 /* Debug */ = {
			isa = XCBuildConfiguration;
			baseConfigurationReference = BA9153802C853D9D50AD1195 /* Pods-Criatu-CriatuUITests.debug.xcconfig */;
			buildSettings = {
				ALWAYS_EMBED_SWIFT_STANDARD_LIBRARIES = YES;
				CODE_SIGN_STYLE = Automatic;
				DEVELOPMENT_TEAM = P63952MS7L;
				INFOPLIST_FILE = CriatuUITests/Info.plist;
				LD_RUNPATH_SEARCH_PATHS = (
					"$(inherited)",
					"@executable_path/Frameworks",
					"@loader_path/Frameworks",
				);
				PRODUCT_BUNDLE_IDENTIFIER = br.ufpe.academy.CriatuUITests;
				PRODUCT_NAME = "$(TARGET_NAME)";
				SWIFT_VERSION = 5.0;
				TARGETED_DEVICE_FAMILY = "1,2";
				TEST_TARGET_NAME = Criatu;
			};
			name = Debug;
		};
		356A45E0255D837000F892A1 /* Release */ = {
			isa = XCBuildConfiguration;
			baseConfigurationReference = 705336C5F351501ABA12A137 /* Pods-Criatu-CriatuUITests.release.xcconfig */;
			buildSettings = {
				ALWAYS_EMBED_SWIFT_STANDARD_LIBRARIES = YES;
				CODE_SIGN_STYLE = Automatic;
				DEVELOPMENT_TEAM = P63952MS7L;
				INFOPLIST_FILE = CriatuUITests/Info.plist;
				LD_RUNPATH_SEARCH_PATHS = (
					"$(inherited)",
					"@executable_path/Frameworks",
					"@loader_path/Frameworks",
				);
				PRODUCT_BUNDLE_IDENTIFIER = br.ufpe.academy.CriatuUITests;
				PRODUCT_NAME = "$(TARGET_NAME)";
				SWIFT_VERSION = 5.0;
				TARGETED_DEVICE_FAMILY = "1,2";
				TEST_TARGET_NAME = Criatu;
			};
			name = Release;
		};
/* End XCBuildConfiguration section */

/* Begin XCConfigurationList section */
		356A45A6255D836E00F892A1 /* Build configuration list for PBXProject "Criatu" */ = {
			isa = XCConfigurationList;
			buildConfigurations = (
				356A45D6255D837000F892A1 /* Debug */,
				356A45D7255D837000F892A1 /* Release */,
			);
			defaultConfigurationIsVisible = 0;
			defaultConfigurationName = Release;
		};
		356A45D8255D837000F892A1 /* Build configuration list for PBXNativeTarget "Criatu" */ = {
			isa = XCConfigurationList;
			buildConfigurations = (
				356A45D9255D837000F892A1 /* Debug */,
				356A45DA255D837000F892A1 /* Release */,
			);
			defaultConfigurationIsVisible = 0;
			defaultConfigurationName = Release;
		};
		356A45DB255D837000F892A1 /* Build configuration list for PBXNativeTarget "CriatuTests" */ = {
			isa = XCConfigurationList;
			buildConfigurations = (
				356A45DC255D837000F892A1 /* Debug */,
				356A45DD255D837000F892A1 /* Release */,
			);
			defaultConfigurationIsVisible = 0;
			defaultConfigurationName = Release;
		};
		356A45DE255D837000F892A1 /* Build configuration list for PBXNativeTarget "CriatuUITests" */ = {
			isa = XCConfigurationList;
			buildConfigurations = (
				356A45DF255D837000F892A1 /* Debug */,
				356A45E0255D837000F892A1 /* Release */,
			);
			defaultConfigurationIsVisible = 0;
			defaultConfigurationName = Release;
		};
/* End XCConfigurationList section */

/* Begin XCVersionGroup section */
		356A45B7255D836E00F892A1 /* Criatu.xcdatamodeld */ = {
			isa = XCVersionGroup;
			children = (
				356A45B8255D836E00F892A1 /* Criatu.xcdatamodel */,
			);
			currentVersion = 356A45B8255D836E00F892A1 /* Criatu.xcdatamodel */;
			path = Criatu.xcdatamodeld;
			sourceTree = "<group>";
			versionGroupType = wrapper.xcdatamodel;
		};
/* End XCVersionGroup section */
	};
	rootObject = 356A45A3255D836E00F892A1 /* Project object */;
}
